# THIS IS AN AUTOGENERATED FILE. DO NOT EDIT THIS FILE DIRECTLY.
# yarn lockfile v1


"@haskellian/either@^1.0.1":
  version "1.0.3"
  resolved "https://registry.yarnpkg.com/@haskellian/either/-/either-1.0.3.tgz#f442458c7d99ed08547d0457e139ae88b40e03e2"
  integrity sha512-V/uUPKtPrucuRzW8HQ0wBV0yIf54XpjEOxIubn0R1s4gZvWSBFCTG01x7buog4UqwpbUDWHOWGGjjowY7D3LLA==

chess-utils@^1.0.8:
  version "1.0.8"
  resolved "https://registry.yarnpkg.com/chess-utils/-/chess-utils-1.0.8.tgz#18ae71bd017e2520ff694bf91affae6df58616a0"
  integrity sha512-SRwr75HXtooDjZl82ty4iz9mQib8LR4lYlw19rcowl5C/Qfb+GfS3ZJFWL1HRP4TADAAAPygWGfgy57g9zbunw==
  dependencies:
    "@haskellian/either" "^1.0.1"
    chess.js "^1.0.0-beta.8"

chess.js@^1.0.0-beta.8:
  version "1.0.0-beta.8"
  resolved "https://registry.yarnpkg.com/chess.js/-/chess.js-1.0.0-beta.8.tgz#be5e73eabd49e272f41d26bc7fddc93cbcda912f"
  integrity sha512-UngzUMXmexcQaQA/UEJuJj5vatEy34awYMD5YMOp/FW3HM7lqspp7ymYs5JAmquDq0WROtURRfSffoa/vrCCyw==
